
Microsoft Visual Studio Solution File, Format Version 12.00
# Visual Studio 15
VisualStudioVersion = 15.0.28307.1062
MinimumVisualStudioVersion = 10.0.40219.1
Project("{FAE04EC0-301F-11D3-BF4B-00C04F79EFBC}") = "Saper", "Saper\Saper.csproj", "{02B07D2F-0B42-41F2-B109-22D7627A89AA}"
EndProject
Global
	GlobalSection(SolutionConfigurationPlatforms) = preSolution
		Debug|Any CPU = Debug|Any CPU
		Release|Any CPU = Release|Any CPU
	EndGlobalSection
	GlobalSection(ProjectConfigurationPlatforms) = postSolution
		{02B07D2F-0B42-41F2-B109-22D7627A89AA}.Debug|Any CPU.ActiveCfg = Debug|Any CPU
		{02B07D2F-0B42-41F2-B109-22D7627A89AA}.Debug|Any CPU.Build.0 = Debug|Any CPU
		{02B07D2F-0B42-41F2-B109-22D7627A89AA}.Release|Any CPU.ActiveCfg = Release|Any CPU
		{02B07D2F-0B42-41F2-B109-22D7627A89AA}.Release|Any CPU.Build.0 = Release|Any CPU
	EndGlobalSection
	GlobalSection(SolutionProperties) = preSolution
		HideSolutionNode = FALSE
	EndGlobalSection
	GlobalSection(ExtensibilityGlobals) = postSolution
		SolutionGuid = {045E43FC-0207-4ADF-9F98-F77EB46CE38C}
	EndGlobalSection
EndGlobal
